
Microsoft Visual Studio Solution File, Format Version 12.00
# Visual Studio Version 17
VisualStudioVersion = 17.9.34728.123
MinimumVisualStudioVersion = 10.0.40219.1
Project("{FAE04EC0-301F-11D3-BF4B-00C04F79EFBC}") = "Simery", "Simery\Simery.csproj", "{C6675B55-9292-4F74-8EB4-4D92BD4B900A}"
EndProject
Global
	GlobalSection(SolutionConfigurationPlatforms) = preSolution
		Debug|Any CPU = Debug|Any CPU
		Release|Any CPU = Release|Any CPU
	EndGlobalSection
	GlobalSection(ProjectConfigurationPlatforms) = postSolution
		{C6675B55-9292-4F74-8EB4-4D92BD4B900A}.Debug|Any CPU.ActiveCfg = Debug|Any CPU
		{C6675B55-9292-4F74-8EB4-4D92BD4B900A}.Debug|Any CPU.Build.0 = Debug|Any CPU
		{C6675B55-9292-4F74-8EB4-4D92BD4B900A}.Release|Any CPU.ActiveCfg = Release|Any CPU
		{C6675B55-9292-4F74-8EB4-4D92BD4B900A}.Release|Any CPU.Build.0 = Release|Any CPU
	EndGlobalSection
	GlobalSection(SolutionProperties) = preSolution
		HideSolutionNode = FALSE
	EndGlobalSection
	GlobalSection(ExtensibilityGlobals) = postSolution
		SolutionGuid = {C6DA9883-826E-40A9-94AD-F2A670D1887D}
	EndGlobalSection
EndGlobal
